
Microsoft Visual Studio Solution File, Format Version 12.00
# Visual Studio 15
VisualStudioVersion = 15.0.28307.645
MinimumVisualStudioVersion = 10.0.40219.1
Project("{FAE04EC0-301F-11D3-BF4B-00C04F79EFBC}") = "WebApiPaises", "WebApiPaises\WebApiPaises.csproj", "{698D0B95-2806-42D7-8857-A44269166319}"
EndProject
Global
	GlobalSection(SolutionConfigurationPlatforms) = preSolution
		Debug|Any CPU = Debug|Any CPU
		Release|Any CPU = Release|Any CPU
	EndGlobalSection
	GlobalSection(ProjectConfigurationPlatforms) = postSolution
		{698D0B95-2806-42D7-8857-A44269166319}.Debug|Any CPU.ActiveCfg = Debug|Any CPU
		{698D0B95-2806-42D7-8857-A44269166319}.Debug|Any CPU.Build.0 = Debug|Any CPU
		{698D0B95-2806-42D7-8857-A44269166319}.Release|Any CPU.ActiveCfg = Release|Any CPU
		{698D0B95-2806-42D7-8857-A44269166319}.Release|Any CPU.Build.0 = Release|Any CPU
	EndGlobalSection
	GlobalSection(SolutionProperties) = preSolution
		HideSolutionNode = FALSE
	EndGlobalSection
	GlobalSection(ExtensibilityGlobals) = postSolution
		SolutionGuid = {CC798A80-8844-4598-BCBC-7E5482547D99}
	EndGlobalSection
EndGlobal
